
Microsoft Visual Studio Solution File, Format Version 12.00
# Visual Studio 15
VisualStudioVersion = 15.0.28307.438
MinimumVisualStudioVersion = 10.0.40219.1
Project("{FAE04EC0-301F-11D3-BF4B-00C04F79EFBC}") = "ConsoleApp5", "ConsoleApp5\ConsoleApp5.csproj", "{6E55A2E9-34B4-43C3-83BE-E0003AE64D79}"
EndProject
Global
	GlobalSection(SolutionConfigurationPlatforms) = preSolution
		Debug|Any CPU = Debug|Any CPU
		Release|Any CPU = Release|Any CPU
	EndGlobalSection
	GlobalSection(ProjectConfigurationPlatforms) = postSolution
		{6E55A2E9-34B4-43C3-83BE-E0003AE64D79}.Debug|Any CPU.ActiveCfg = Debug|Any CPU
		{6E55A2E9-34B4-43C3-83BE-E0003AE64D79}.Debug|Any CPU.Build.0 = Debug|Any CPU
		{6E55A2E9-34B4-43C3-83BE-E0003AE64D79}.Release|Any CPU.ActiveCfg = Release|Any CPU
		{6E55A2E9-34B4-43C3-83BE-E0003AE64D79}.Release|Any CPU.Build.0 = Release|Any CPU
	EndGlobalSection
	GlobalSection(SolutionProperties) = preSolution
		HideSolutionNode = FALSE
	EndGlobalSection
	GlobalSection(ExtensibilityGlobals) = postSolution
		SolutionGuid = {89CF8944-88CA-49C4-AB99-6429F2DC6878}
	EndGlobalSection
EndGlobal
