
Microsoft Visual Studio Solution File, Format Version 12.00
# Visual Studio 15
VisualStudioVersion = 15.0.28307.438
MinimumVisualStudioVersion = 10.0.40219.1
Project("{FAE04EC0-301F-11D3-BF4B-00C04F79EFBC}") = "EmpiricalAnalysis", "EmpiricalAnalysis\EmpiricalAnalysis.csproj", "{F28C7DB0-2263-471B-8CCD-426D951EFBBE}"
EndProject
Global
	GlobalSection(SolutionConfigurationPlatforms) = preSolution
		Debug|Any CPU = Debug|Any CPU
		Release|Any CPU = Release|Any CPU
	EndGlobalSection
	GlobalSection(ProjectConfigurationPlatforms) = postSolution
		{F28C7DB0-2263-471B-8CCD-426D951EFBBE}.Debug|Any CPU.ActiveCfg = Debug|Any CPU
		{F28C7DB0-2263-471B-8CCD-426D951EFBBE}.Debug|Any CPU.Build.0 = Debug|Any CPU
		{F28C7DB0-2263-471B-8CCD-426D951EFBBE}.Release|Any CPU.ActiveCfg = Release|Any CPU
		{F28C7DB0-2263-471B-8CCD-426D951EFBBE}.Release|Any CPU.Build.0 = Release|Any CPU
	EndGlobalSection
	GlobalSection(SolutionProperties) = preSolution
		HideSolutionNode = FALSE
	EndGlobalSection
	GlobalSection(ExtensibilityGlobals) = postSolution
		SolutionGuid = {A1487E5E-FB14-4A3F-9F90-BA3088DBD103}
	EndGlobalSection
EndGlobal
